Microsoft Visual Studio Solution File, Format Version 11.00
# Visual Studio 2008

Project("{DB0223D0-A216-4677-BF6F-92B757435F32}") = "weaponscript.rhajes", "Assembly-CSharp.csproj", "{D555D812-5544-730A-84DA-DDFB1AA83EAE}"
EndProject
Global
	GlobalSection(SolutionConfigurationPlatforms) = preSolution
		Debug|Any CPU = Debug|Any CPU
		Release|Any CPU = Release|Any CPU
	EndGlobalSection
	GlobalSection(ProjectConfigurationPlatforms) = postSolution
		{D555D812-5544-730A-84DA-DDFB1AA83EAE}.Debug|Any CPU.ActiveCfg = Debug|Any CPU
		{D555D812-5544-730A-84DA-DDFB1AA83EAE}.Debug|Any CPU.Build.0 = Debug|Any CPU
		{D555D812-5544-730A-84DA-DDFB1AA83EAE}.Release|Any CPU.ActiveCfg = Release|Any CPU
		{D555D812-5544-730A-84DA-DDFB1AA83EAE}.Release|Any CPU.Build.0 = Release|Any CPU
	EndGlobalSection
	GlobalSection(SolutionProperties) = preSolution
		HideSolutionNode = FALSE
	EndGlobalSection
	GlobalSection(MonoDevelopProperties) = preSolution
		StartupItem = Assembly-CSharp.csproj
	EndGlobalSection
EndGlobal
